
Microsoft Visual Studio Solution File, Format Version 12.00
# Visual Studio Version 17
VisualStudioVersion = 17.0.31903.59
MinimumVisualStudioVersion = 10.0.40219.1
Project("{FAE04EC0-301F-11D3-BF4B-00C04F79EFBC}") = "Server.Core", "Server.Core\Server.Core.csproj", "{C8A1E9B9-81A7-4503-8D9F-3143263AB718}"
EndProject
Project("{FAE04EC0-301F-11D3-BF4B-00C04F79EFBC}") = "Server.Application", "Server.Application\Server.Application.csproj", "{7BEDF986-88AB-435A-A18B-550F69D363F1}"
EndProject
Project("{FAE04EC0-301F-11D3-BF4B-00C04F79EFBC}") = "Server.Infrastructure", "Server.Infrastructure\Server.Infrastructure.csproj", "{5BDF49C3-057B-44D6-92C8-CF93DFF28D74}"
EndProject
Project("{FAE04EC0-301F-11D3-BF4B-00C04F79EFBC}") = "Server.Host", "Server.Host\Server.Host.csproj", "{C18D5A1F-AB43-4BB6-9E37-506F45D40A12}"
EndProject
Project("{2150E333-8FDC-42A3-9474-1A3956D46DE8}") = "Solution Items", "Solution Items", "{02EA681E-C7D8-13C7-8484-4AC65E1B71E8}"
EndProject
Project("{FAE04EC0-301F-11D3-BF4B-00C04F79EFBC}") = "Server.Desktop", "Server.Desktop\Server.Desktop.csproj", "{37C4EABC-9590-43F0-BB80-E503FF8F8CC2}"
EndProject
Project("{FAE04EC0-301F-11D3-BF4B-00C04F79EFBC}") = "Server.Web", "Server.Web\Server.Web.csproj", "{F393FDEF-4FB0-462D-9756-949F2878B769}"
EndProject
Project("{FAE04EC0-301F-11D3-BF4B-00C04F79EFBC}") = "Server.Api", "Server.Api\Server.Api.csproj", "{A30E89AD-F01E-4C1F-8275-0B6583C4781F}"
EndProject
Global
	GlobalSection(SolutionConfigurationPlatforms) = preSolution
		Debug|Any CPU = Debug|Any CPU
		Debug|x64 = Debug|x64
		Debug|x86 = Debug|x86
		Release|Any CPU = Release|Any CPU
		Release|x64 = Release|x64
		Release|x86 = Release|x86
	EndGlobalSection
	GlobalSection(ProjectConfigurationPlatforms) = postSolution
		{C8A1E9B9-81A7-4503-8D9F-3143263AB718}.Debug|Any CPU.ActiveCfg = Debug|Any CPU
		{C8A1E9B9-81A7-4503-8D9F-3143263AB718}.Debug|Any CPU.Build.0 = Debug|Any CPU
		{C8A1E9B9-81A7-4503-8D9F-3143263AB718}.Debug|x64.ActiveCfg = Debug|Any CPU
		{C8A1E9B9-81A7-4503-8D9F-3143263AB718}.Debug|x64.Build.0 = Debug|Any CPU
		{C8A1E9B9-81A7-4503-8D9F-3143263AB718}.Debug|x86.ActiveCfg = Debug|Any CPU
		{C8A1E9B9-81A7-4503-8D9F-3143263AB718}.Debug|x86.Build.0 = Debug|Any CPU
		{C8A1E9B9-81A7-4503-8D9F-3143263AB718}.Release|Any CPU.ActiveCfg = Release|Any CPU
		{C8A1E9B9-81A7-4503-8D9F-3143263AB718}.Release|Any CPU.Build.0 = Release|Any CPU
		{C8A1E9B9-81A7-4503-8D9F-3143263AB718}.Release|x64.ActiveCfg = Release|Any CPU
		{C8A1E9B9-81A7-4503-8D9F-3143263AB718}.Release|x64.Build.0 = Release|Any CPU
		{C8A1E9B9-81A7-4503-8D9F-3143263AB718}.Release|x86.ActiveCfg = Release|Any CPU
		{C8A1E9B9-81A7-4503-8D9F-3143263AB718}.Release|x86.Build.0 = Release|Any CPU
		{7BEDF986-88AB-435A-A18B-550F69D363F1}.Debug|Any CPU.ActiveCfg = Debug|Any CPU
		{7BEDF986-88AB-435A-A18B-550F69D363F1}.Debug|Any CPU.Build.0 = Debug|Any CPU
		{7BEDF986-88AB-435A-A18B-550F69D363F1}.Debug|x64.ActiveCfg = Debug|Any CPU
		{7BEDF986-88AB-435A-A18B-550F69D363F1}.Debug|x64.Build.0 = Debug|Any CPU
		{7BEDF986-88AB-435A-A18B-550F69D363F1}.Debug|x86.ActiveCfg = Debug|Any CPU
		{7BEDF986-88AB-435A-A18B-550F69D363F1}.Debug|x86.Build.0 = Debug|Any CPU
		{7BEDF986-88AB-435A-A18B-550F69D363F1}.Release|Any CPU.ActiveCfg = Release|Any CPU
		{7BEDF986-88AB-435A-A18B-550F69D363F1}.Release|Any CPU.Build.0 = Release|Any CPU
		{7BEDF986-88AB-435A-A18B-550F69D363F1}.Release|x64.ActiveCfg = Release|Any CPU
		{7BEDF986-88AB-435A-A18B-550F69D363F1}.Release|x64.Build.0 = Release|Any CPU
		{7BEDF986-88AB-435A-A18B-550F69D363F1}.Release|x86.ActiveCfg = Release|Any CPU
		{7BEDF986-88AB-435A-A18B-550F69D363F1}.Release|x86.Build.0 = Release|Any CPU
		{5BDF49C3-057B-44D6-92C8-CF93DFF28D74}.Debug|Any CPU.ActiveCfg = Debug|Any CPU
		{5BDF49C3-057B-44D6-92C8-CF93DFF28D74}.Debug|Any CPU.Build.0 = Debug|Any CPU
		{5BDF49C3-057B-44D6-92C8-CF93DFF28D74}.Debug|x64.ActiveCfg = Debug|Any CPU
		{5BDF49C3-057B-44D6-92C8-CF93DFF28D74}.Debug|x64.Build.0 = Debug|Any CPU
		{5BDF49C3-057B-44D6-92C8-CF93DFF28D74}.Debug|x86.ActiveCfg = Debug|Any CPU
		{5BDF49C3-057B-44D6-92C8-CF93DFF28D74}.Debug|x86.Build.0 = Debug|Any CPU
		{5BDF49C3-057B-44D6-92C8-CF93DFF28D74}.Release|Any CPU.ActiveCfg = Release|Any CPU
		{5BDF49C3-057B-44D6-92C8-CF93DFF28D74}.Release|Any CPU.Build.0 = Release|Any CPU
		{5BDF49C3-057B-44D6-92C8-CF93DFF28D74}.Release|x64.ActiveCfg = Release|Any CPU
		{5BDF49C3-057B-44D6-92C8-CF93DFF28D74}.Release|x64.Build.0 = Release|Any CPU
		{5BDF49C3-057B-44D6-92C8-CF93DFF28D74}.Release|x86.ActiveCfg = Release|Any CPU
		{5BDF49C3-057B-44D6-92C8-CF93DFF28D74}.Release|x86.Build.0 = Release|Any CPU
		{C18D5A1F-AB43-4BB6-9E37-506F45D40A12}.Debug|Any CPU.ActiveCfg = Debug|Any CPU
		{C18D5A1F-AB43-4BB6-9E37-506F45D40A12}.Debug|Any CPU.Build.0 = Debug|Any CPU
		{C18D5A1F-AB43-4BB6-9E37-506F45D40A12}.Debug|x64.ActiveCfg = Debug|Any CPU
		{C18D5A1F-AB43-4BB6-9E37-506F45D40A12}.Debug|x64.Build.0 = Debug|Any CPU
		{C18D5A1F-AB43-4BB6-9E37-506F45D40A12}.Debug|x86.ActiveCfg = Debug|Any CPU
		{C18D5A1F-AB43-4BB6-9E37-506F45D40A12}.Debug|x86.Build.0 = Debug|Any CPU
		{C18D5A1F-AB43-4BB6-9E37-506F45D40A12}.Release|Any CPU.ActiveCfg = Release|Any CPU
		{C18D5A1F-AB43-4BB6-9E37-506F45D40A12}.Release|Any CPU.Build.0 = Release|Any CPU
		{C18D5A1F-AB43-4BB6-9E37-506F45D40A12}.Release|x64.ActiveCfg = Release|Any CPU
		{C18D5A1F-AB43-4BB6-9E37-506F45D40A12}.Release|x64.Build.0 = Release|Any CPU
		{C18D5A1F-AB43-4BB6-9E37-506F45D40A12}.Release|x86.ActiveCfg = Release|Any CPU
		{C18D5A1F-AB43-4BB6-9E37-506F45D40A12}.Release|x86.Build.0 = Release|Any CPU
		{37C4EABC-9590-43F0-BB80-E503FF8F8CC2}.Debug|Any CPU.ActiveCfg = Debug|Any CPU
		{37C4EABC-9590-43F0-BB80-E503FF8F8CC2}.Debug|Any CPU.Build.0 = Debug|Any CPU
		{37C4EABC-9590-43F0-BB80-E503FF8F8CC2}.Debug|x64.ActiveCfg = Debug|Any CPU
		{37C4EABC-9590-43F0-BB80-E503FF8F8CC2}.Debug|x64.Build.0 = Debug|Any CPU
		{37C4EABC-9590-43F0-BB80-E503FF8F8CC2}.Debug|x86.ActiveCfg = Debug|Any CPU
		{37C4EABC-9590-43F0-BB80-E503FF8F8CC2}.Debug|x86.Build.0 = Debug|Any CPU
		{37C4EABC-9590-43F0-BB80-E503FF8F8CC2}.Release|Any CPU.ActiveCfg = Release|Any CPU
		{37C4EABC-9590-43F0-BB80-E503FF8F8CC2}.Release|Any CPU.Build.0 = Release|Any CPU
		{37C4EABC-9590-43F0-BB80-E503FF8F8CC2}.Release|x64.ActiveCfg = Release|Any CPU
		{37C4EABC-9590-43F0-BB80-E503FF8F8CC2}.Release|x64.Build.0 = Release|Any CPU
		{37C4EABC-9590-43F0-BB80-E503FF8F8CC2}.Release|x86.ActiveCfg = Release|Any CPU
		{37C4EABC-9590-43F0-BB80-E503FF8F8CC2}.Release|x86.Build.0 = Release|Any CPU
		{F393FDEF-4FB0-462D-9756-949F2878B769}.Debug|Any CPU.ActiveCfg = Debug|Any CPU
		{F393FDEF-4FB0-462D-9756-949F2878B769}.Debug|Any CPU.Build.0 = Debug|Any CPU
		{F393FDEF-4FB0-462D-9756-949F2878B769}.Debug|x64.ActiveCfg = Debug|Any CPU
		{F393FDEF-4FB0-462D-9756-949F2878B769}.Debug|x64.Build.0 = Debug|Any CPU
		{F393FDEF-4FB0-462D-9756-949F2878B769}.Debug|x86.ActiveCfg = Debug|Any CPU
		{F393FDEF-4FB0-462D-9756-949F2878B769}.Debug|x86.Build.0 = Debug|Any CPU
		{F393FDEF-4FB0-462D-9756-949F2878B769}.Release|Any CPU.ActiveCfg = Release|Any CPU
		{F393FDEF-4FB0-462D-9756-949F2878B769}.Release|Any CPU.Build.0 = Release|Any CPU
		{F393FDEF-4FB0-462D-9756-949F2878B769}.Release|x64.ActiveCfg = Release|Any CPU
		{F393FDEF-4FB0-462D-9756-949F2878B769}.Release|x64.Build.0 = Release|Any CPU
		{F393FDEF-4FB0-462D-9756-949F2878B769}.Release|x86.ActiveCfg = Release|Any CPU
		{F393FDEF-4FB0-462D-9756-949F2878B769}.Release|x86.Build.0 = Release|Any CPU
		{A30E89AD-F01E-4C1F-8275-0B6583C4781F}.Debug|Any CPU.ActiveCfg = Debug|Any CPU
		{A30E89AD-F01E-4C1F-8275-0B6583C4781F}.Debug|Any CPU.Build.0 = Debug|Any CPU
		{A30E89AD-F01E-4C1F-8275-0B6583C4781F}.Debug|x64.ActiveCfg = Debug|Any CPU
		{A30E89AD-F01E-4C1F-8275-0B6583C4781F}.Debug|x64.Build.0 = Debug|Any CPU
		{A30E89AD-F01E-4C1F-8275-0B6583C4781F}.Debug|x86.ActiveCfg = Debug|Any CPU
		{A30E89AD-F01E-4C1F-8275-0B6583C4781F}.Debug|x86.Build.0 = Debug|Any CPU
		{A30E89AD-F01E-4C1F-8275-0B6583C4781F}.Release|Any CPU.ActiveCfg = Release|Any CPU
		{A30E89AD-F01E-4C1F-8275-0B6583C4781F}.Release|Any CPU.Build.0 = Release|Any CPU
		{A30E89AD-F01E-4C1F-8275-0B6583C4781F}.Release|x64.ActiveCfg = Release|Any CPU
		{A30E89AD-F01E-4C1F-8275-0B6583C4781F}.Release|x64.Build.0 = Release|Any CPU
		{A30E89AD-F01E-4C1F-8275-0B6583C4781F}.Release|x86.ActiveCfg = Release|Any CPU
		{A30E89AD-F01E-4C1F-8275-0B6583C4781F}.Release|x86.Build.0 = Release|Any CPU
	EndGlobalSection
	GlobalSection(SolutionProperties) = preSolution
		HideSolutionNode = FALSE
	EndGlobalSection
EndGlobal
